Microsoft Visual Studio Solution File, Format Version 11.00
# Visual Studio 2017

Project("{8BC9CEB8-8B4A-11D0-8D11-00A0C91BC942}") = "FilterVST - Standalone Plugin", "FilterVST_StandalonePlugin.vcxproj", "{4FBB8B6A-A991-1A5A-15A8-8C9F73A06B7E}"
	ProjectSection(ProjectDependencies) = postProject
		{45E94DC8-47BC-06C8-4A1E-1E66087A0EC9} = {45E94DC8-47BC-06C8-4A1E-1E66087A0EC9}
	EndProjectSection
EndProject
Project("{8BC9CEB8-8B4A-11D0-8D11-00A0C91BC942}") = "FilterVST - VST", "FilterVST_VST.vcxproj", "{C00D9903-ECDE-CC40-837D-9CE4D1574C51}"
	ProjectSection(ProjectDependencies) = postProject
		{45E94DC8-47BC-06C8-4A1E-1E66087A0EC9} = {45E94DC8-47BC-06C8-4A1E-1E66087A0EC9}
	EndProjectSection
EndProject
Project("{8BC9CEB8-8B4A-11D0-8D11-00A0C91BC942}") = "FilterVST - Shared Code", "FilterVST_SharedCode.vcxproj", "{45E94DC8-47BC-06C8-4A1E-1E66087A0EC9}"
EndProject
Global
	GlobalSection(SolutionConfigurationPlatforms) = preSolution
		Debug|x64 = Debug|x64
		Release|x64 = Release|x64
	EndGlobalSection
	GlobalSection(ProjectConfigurationPlatforms) = postSolution
		{C00D9903-ECDE-CC40-837D-9CE4D1574C51}.Debug|x64.ActiveCfg = Debug|x64
		{C00D9903-ECDE-CC40-837D-9CE4D1574C51}.Debug|x64.Build.0 = Debug|x64
		{C00D9903-ECDE-CC40-837D-9CE4D1574C51}.Release|x64.ActiveCfg = Release|x64
		{C00D9903-ECDE-CC40-837D-9CE4D1574C51}.Release|x64.Build.0 = Release|x64
		{4FBB8B6A-A991-1A5A-15A8-8C9F73A06B7E}.Debug|x64.ActiveCfg = Debug|x64
		{4FBB8B6A-A991-1A5A-15A8-8C9F73A06B7E}.Debug|x64.Build.0 = Debug|x64
		{4FBB8B6A-A991-1A5A-15A8-8C9F73A06B7E}.Release|x64.ActiveCfg = Release|x64
		{4FBB8B6A-A991-1A5A-15A8-8C9F73A06B7E}.Release|x64.Build.0 = Release|x64
		{45E94DC8-47BC-06C8-4A1E-1E66087A0EC9}.Debug|x64.ActiveCfg = Debug|x64
		{45E94DC8-47BC-06C8-4A1E-1E66087A0EC9}.Debug|x64.Build.0 = Debug|x64
		{45E94DC8-47BC-06C8-4A1E-1E66087A0EC9}.Release|x64.ActiveCfg = Release|x64
		{45E94DC8-47BC-06C8-4A1E-1E66087A0EC9}.Release|x64.Build.0 = Release|x64
	EndGlobalSection
	GlobalSection(SolutionProperties) = preSolution
		HideSolutionNode = FALSE
	EndGlobalSection
EndGlobal
